
Microsoft Visual Studio Solution File, Format Version 12.00
# Visual Studio Version 17
VisualStudioVersion = 17.14.36202.13 d17.14
MinimumVisualStudioVersion = 10.0.40219.1
Project("{FAE04EC0-301F-11D3-BF4B-00C04F79EFBC}") = "Coffee House Aya", "Coffee House Aya\Coffee House Aya.csproj", "{243C3D3E-B725-4458-ACD6-B7C56185F60A}"
EndProject
Global
	GlobalSection(SolutionConfigurationPlatforms) = preSolution
		Debug|Any CPU = Debug|Any CPU
		Release|Any CPU = Release|Any CPU
	EndGlobalSection
	GlobalSection(ProjectConfigurationPlatforms) = postSolution
		{243C3D3E-B725-4458-ACD6-B7C56185F60A}.Debug|Any CPU.ActiveCfg = Debug|Any CPU
		{243C3D3E-B725-4458-ACD6-B7C56185F60A}.Debug|Any CPU.Build.0 = Debug|Any CPU
		{243C3D3E-B725-4458-ACD6-B7C56185F60A}.Release|Any CPU.ActiveCfg = Release|Any CPU
		{243C3D3E-B725-4458-ACD6-B7C56185F60A}.Release|Any CPU.Build.0 = Release|Any CPU
	EndGlobalSection
	GlobalSection(SolutionProperties) = preSolution
		HideSolutionNode = FALSE
	EndGlobalSection
	GlobalSection(ExtensibilityGlobals) = postSolution
		SolutionGuid = {9E129087-DF73-4B71-9998-659686903A22}
	EndGlobalSection
EndGlobal
